// !$*UTF8*$!
{
	archiveVersion = 1;
	classes = {
	};
	objectVersion = 51;
	objects = {

/* Begin PBXBuildFile section */
		2A7422F24AEA26E9B98F7A9D /* Pods_yes_.framework in Frameworks */ = {isa = PBXBuildFile; fileRef = 37EFF0F1DC6CF4348EE7444C /* Pods_yes_.framework */; };
		60EB53226E0B9AE848B75C3B /* Pods_yes__yes_UITests.framework in Frameworks */ = {isa = PBXBuildFile; fileRef = 55362F69BE67087B5AA97AE8 /* Pods_yes__yes_UITests.framework */; };
		AE97EC4B2648ABB500055692 /* consts.swift in Sources */ = {isa = PBXBuildFile; fileRef = AE97EC4A2648ABB500055692 /* consts.swift */; };
		AEB16BE8263893BD007E9919 /* Utilities.swift in Sources */ = {isa = PBXBuildFile; fileRef = AEB16BE7263893BD007E9919 /* Utilities.swift */; };
		AEB16BF226389B0F007E9919 /* DataViewController.swift in Sources */ = {isa = PBXBuildFile; fileRef = AEB16BF126389B0F007E9919 /* DataViewController.swift */; };
		AEF00F9D25F2CE2C00E7019B /* AppDelegate.swift in Sources */ = {isa = PBXBuildFile; fileRef = AEF00F9C25F2CE2C00E7019B /* AppDelegate.swift */; };
		AEF00F9F25F2CE2C00E7019B /* SceneDelegate.swift in Sources */ = {isa = PBXBuildFile; fileRef = AEF00F9E25F2CE2C00E7019B /* SceneDelegate.swift */; };
		AEF00FA125F2CE2C00E7019B /* ViewController.swift in Sources */ = {isa = PBXBuildFile; fileRef = AEF00FA025F2CE2C00E7019B /* ViewController.swift */; };
		AEF00FA425F2CE2C00E7019B /* Main.storyboard in Resources */ = {isa = PBXBuildFile; fileRef = AEF00FA225F2CE2C00E7019B /* Main.storyboard */; };
		AEF00FA625F2CE3200E7019B /* Assets.xcassets in Resources */ = {isa = PBXBuildFile; fileRef = AEF00FA525F2CE3200E7019B /* Assets.xcassets */; };
		AEF00FA925F2CE3200E7019B /* LaunchScreen.storyboard in Resources */ = {isa = PBXBuildFile; fileRef = AEF00FA725F2CE3200E7019B /* LaunchScreen.storyboard */; };
		AEF00FB425F2CE3300E7019B /* yes_Tests.swift in Sources */ = {isa = PBXBuildFile; fileRef = AEF00FB325F2CE3300E7019B /* yes_Tests.swift */; };
		AEF00FBF25F2CE3300E7019B /* yes_UITests.swift in Sources */ = {isa = PBXBuildFile; fileRef = AEF00FBE25F2CE3300E7019B /* yes_UITests.swift */; };
		D3D94CC66988C48D79885611 /* Pods_yes_Tests.framework in Frameworks */ = {isa = PBXBuildFile; fileRef = 92B649E4C4B34CAD66370FB8 /* Pods_yes_Tests.framework */; };
/* End PBXBuildFile section */

/* Begin PBXContainerItemProxy section */
		AEF00FB025F2CE3300E7019B /* PBXContainerItemProxy */ = {
			isa = PBXContainerItemProxy;
			containerPortal = AEF00F9125F2CE2C00E7019B /* Project object */;
			proxyType = 1;
			remoteGlobalIDString = AEF00F9825F2CE2C00E7019B;
			remoteInfo = "yes?";
		};
		AEF00FBB25F2CE3300E7019B /* PBXContainerItemProxy */ = {
			isa = PBXContainerItemProxy;
			containerPortal = AEF00F9125F2CE2C00E7019B /* Project object */;
			proxyType = 1;
			remoteGlobalIDString = AEF00F9825F2CE2C00E7019B;
			remoteInfo = "yes?";
		};
/* End PBXContainerItemProxy section */

/* Begin PBXFileReference section */
		101F39522C3BB05EBF00F164 /* Pods-yes?.debug.xcconfig */ = {isa = PBXFileReference; includeInIndex = 1; lastKnownFileType = text.xcconfig; name = "Pods-yes?.debug.xcconfig"; path = "Target Support Files/Pods-yes?/Pods-yes?.debug.xcconfig"; sourceTree = "<group>"; };
		296F6DB89BE3CF8C1C82B58B /* Pods-yes?Tests.debug.xcconfig */ = {isa = PBXFileReference; includeInIndex = 1; lastKnownFileType = text.xcconfig; name = "Pods-yes?Tests.debug.xcconfig"; path = "Target Support Files/Pods-yes?Tests/Pods-yes?Tests.debug.xcconfig"; sourceTree = "<group>"; };
		37EFF0F1DC6CF4348EE7444C /* Pods_yes_.framework */ = {isa = PBXFileReference; explicitFileType = wrapper.framework; includeInIndex = 0; path = Pods_yes_.framework; sourceTree = BUILT_PRODUCTS_DIR; };
		4B6DEDCB9C60A7F8CBE7B42C /* Pods-yes?Tests.release.xcconfig */ = {isa = PBXFileReference; includeInIndex = 1; lastKnownFileType = text.xcconfig; name = "Pods-yes?Tests.release.xcconfig"; path = "Target Support Files/Pods-yes?Tests/Pods-yes?Tests.release.xcconfig"; sourceTree = "<group>"; };
		55362F69BE67087B5AA97AE8 /* Pods_yes__yes_UITests.framework */ = {isa = PBXFileReference; explicitFileType = wrapper.framework; includeInIndex = 0; path = Pods_yes__yes_UITests.framework; sourceTree = BUILT_PRODUCTS_DIR; };
		92B649E4C4B34CAD66370FB8 /* Pods_yes_Tests.framework */ = {isa = PBXFileReference; explicitFileType = wrapper.framework; includeInIndex = 0; path = Pods_yes_Tests.framework; sourceTree = BUILT_PRODUCTS_DIR; };
		AE97EC4A2648ABB500055692 /* consts.swift */ = {isa = PBXFileReference; lastKnownFileType = sourcecode.swift; path = consts.swift; sourceTree = "<group>"; };
		AEB16BE7263893BD007E9919 /* Utilities.swift */ = {isa = PBXFileReference; lastKnownFileType = sourcecode.swift; path = Utilities.swift; sourceTree = "<group>"; };
		AEB16BF126389B0F007E9919 /* DataViewController.swift */ = {isa = PBXFileReference; lastKnownFileType = sourcecode.swift; path = DataViewController.swift; sourceTree = "<group>"; };
		AEF00F9925F2CE2C00E7019B /* yes?.app */ = {isa = PBXFileReference; explicitFileType = wrapper.application; includeInIndex = 0; path = "yes?.app"; sourceTree = BUILT_PRODUCTS_DIR; };
		AEF00F9C25F2CE2C00E7019B /* AppDelegate.swift */ = {isa = PBXFileReference; lastKnownFileType = sourcecode.swift; path = AppDelegate.swift; sourceTree = "<group>"; };
		AEF00F9E25F2CE2C00E7019B /* SceneDelegate.swift */ = {isa = PBXFileReference; lastKnownFileType = sourcecode.swift; path = SceneDelegate.swift; sourceTree = "<group>"; };
		AEF00FA025F2CE2C00E7019B /* ViewController.swift */ = {isa = PBXFileReference; lastKnownFileType = sourcecode.swift; path = ViewController.swift; sourceTree = "<group>"; };
		AEF00FA325F2CE2C00E7019B /* Base */ = {isa = PBXFileReference; lastKnownFileType = file.storyboard; name = Base; path = Base.lproj/Main.storyboard; sourceTree = "<group>"; };
		AEF00FA525F2CE3200E7019B /* Assets.xcassets */ = {isa = PBXFileReference; lastKnownFileType = folder.assetcatalog; path = Assets.xcassets; sourceTree = "<group>"; };
		AEF00FA825F2CE3200E7019B /* Base */ = {isa = PBXFileReference; lastKnownFileType = file.storyboard; name = Base; path = Base.lproj/LaunchScreen.storyboard; sourceTree = "<group>"; };
		AEF00FAA25F2CE3200E7019B /* Info.plist */ = {isa = PBXFileReference; lastKnownFileType = text.plist.xml; path = Info.plist; sourceTree = "<group>"; };
		AEF00FAF25F2CE3300E7019B /* yes?Tests.xctest */ = {isa = PBXFileReference; explicitFileType = wrapper.cfbundle; includeInIndex = 0; path = "yes?Tests.xctest"; sourceTree = BUILT_PRODUCTS_DIR; };
		AEF00FB325F2CE3300E7019B /* yes_Tests.swift */ = {isa = PBXFileReference; lastKnownFileType = sourcecode.swift; path = yes_Tests.swift; sourceTree = "<group>"; };
		AEF00FB525F2CE3300E7019B /* Info.plist */ = {isa = PBXFileReference; lastKnownFileType = text.plist.xml; path = Info.plist; sourceTree = "<group>"; };
		AEF00FBA25F2CE3300E7019B /* yes?UITests.xctest */ = {isa = PBXFileReference; explicitFileType = wrapper.cfbundle; includeInIndex = 0; path = "yes?UITests.xctest"; sourceTree = BUILT_PRODUCTS_DIR; };
		AEF00FBE25F2CE3300E7019B /* yes_UITests.swift */ = {isa = PBXFileReference; lastKnownFileType = sourcecode.swift; path = yes_UITests.swift; sourceTree = "<group>"; };
		AEF00FC025F2CE3300E7019B /* Info.plist */ = {isa = PBXFileReference; lastKnownFileType = text.plist.xml; path = Info.plist; sourceTree = "<group>"; };
		D7FC854B452563EFDD1046CF /* Pods-yes?.release.xcconfig */ = {isa = PBXFileReference; includeInIndex = 1; lastKnownFileType = text.xcconfig; name = "Pods-yes?.release.xcconfig"; path = "Target Support Files/Pods-yes?/Pods-yes?.release.xcconfig"; sourceTree = "<group>"; };
		F33EF73AC9A2E1477056C6E4 /* Pods-yes?-yes?UITests.debug.xcconfig */ = {isa = PBXFileReference; includeInIndex = 1; lastKnownFileType = text.xcconfig; name = "Pods-yes?-yes?UITests.debug.xcconfig"; path = "Target Support Files/Pods-yes?-yes?UITests/Pods-yes?-yes?UITests.debug.xcconfig"; sourceTree = "<group>"; };
		FED25434DDF03893CF16D3E2 /* Pods-yes?-yes?UITests.release.xcconfig */ = {isa = PBXFileReference; includeInIndex = 1; lastKnownFileType = text.xcconfig; name = "Pods-yes?-yes?UITests.release.xcconfig"; path = "Target Support Files/Pods-yes?-yes?UITests/Pods-yes?-yes?UITests.release.xcconfig"; sourceTree = "<group>"; };
/* End PBXFileReference section */

/* Begin PBXFrameworksBuildPhase section */
		AEF00F9625F2CE2C00E7019B /* Frameworks */ = {
			isa = PBXFrameworksBuildPhase;
			buildActionMask = 2147483647;
			files = (
				2A7422F24AEA26E9B98F7A9D /* Pods_yes_.framework in Frameworks */,
			);
			runOnlyForDeploymentPostprocessing = 0;
		};
		AEF00FAC25F2CE3300E7019B /* Frameworks */ = {
			isa = PBXFrameworksBuildPhase;
			buildActionMask = 2147483647;
			files = (
				D3D94CC66988C48D79885611 /* Pods_yes_Tests.framework in Frameworks */,
			);
			runOnlyForDeploymentPostprocessing = 0;
		};
		AEF00FB725F2CE3300E7019B /* Frameworks */ = {
			isa = PBXFrameworksBuildPhase;
			buildActionMask = 2147483647;
			files = (
				60EB53226E0B9AE848B75C3B /* Pods_yes__yes_UITests.framework in Frameworks */,
			);
			runOnlyForDeploymentPostprocessing = 0;
		};
/* End PBXFrameworksBuildPhase section */

/* Begin PBXGroup section */
		2F29F03EE026B190E56500A1 /* Frameworks */ = {
			isa = PBXGroup;
			children = (
				37EFF0F1DC6CF4348EE7444C /* Pods_yes_.framework */,
				55362F69BE67087B5AA97AE8 /* Pods_yes__yes_UITests.framework */,
				92B649E4C4B34CAD66370FB8 /* Pods_yes_Tests.framework */,
			);
			name = Frameworks;
			sourceTree = "<group>";
		};
		5809425E0AEB19D2A338422E /* Pods */ = {
			isa = PBXGroup;
			children = (
				101F39522C3BB05EBF00F164 /* Pods-yes?.debug.xcconfig */,
				D7FC854B452563EFDD1046CF /* Pods-yes?.release.xcconfig */,
				F33EF73AC9A2E1477056C6E4 /* Pods-yes?-yes?UITests.debug.xcconfig */,
				FED25434DDF03893CF16D3E2 /* Pods-yes?-yes?UITests.release.xcconfig */,
				296F6DB89BE3CF8C1C82B58B /* Pods-yes?Tests.debug.xcconfig */,
				4B6DEDCB9C60A7F8CBE7B42C /* Pods-yes?Tests.release.xcconfig */,
			);
			path = Pods;
			sourceTree = "<group>";
		};
		AEF00F9025F2CE2C00E7019B = {
			isa = PBXGroup;
			children = (
				AEF00F9B25F2CE2C00E7019B /* yes? */,
				AEF00FB225F2CE3300E7019B /* yes?Tests */,
				AEF00FBD25F2CE3300E7019B /* yes?UITests */,
				AEF00F9A25F2CE2C00E7019B /* Products */,
				5809425E0AEB19D2A338422E /* Pods */,
				2F29F03EE026B190E56500A1 /* Frameworks */,
			);
			sourceTree = "<group>";
		};
		AEF00F9A25F2CE2C00E7019B /* Products */ = {
			isa = PBXGroup;
			children = (
				AEF00F9925F2CE2C00E7019B /* yes?.app */,
				AEF00FAF25F2CE3300E7019B /* yes?Tests.xctest */,
				AEF00FBA25F2CE3300E7019B /* yes?UITests.xctest */,
			);
			name = Products;
			sourceTree = "<group>";
		};
		AEF00F9B25F2CE2C00E7019B /* yes? */ = {
			isa = PBXGroup;
			children = (
				AEF00F9C25F2CE2C00E7019B /* AppDelegate.swift */,
				AEB16BE7263893BD007E9919 /* Utilities.swift */,
				AEF00F9E25F2CE2C00E7019B /* SceneDelegate.swift */,
				AEF00FA025F2CE2C00E7019B /* ViewController.swift */,
				AEF00FA225F2CE2C00E7019B /* Main.storyboard */,
				AEF00FA525F2CE3200E7019B /* Assets.xcassets */,
				AEF00FA725F2CE3200E7019B /* LaunchScreen.storyboard */,
				AEF00FAA25F2CE3200E7019B /* Info.plist */,
				AEB16BF126389B0F007E9919 /* DataViewController.swift */,
				AE97EC4A2648ABB500055692 /* consts.swift */,
			);
			path = "yes?";
			sourceTree = "<group>";
		};
		AEF00FB225F2CE3300E7019B /* yes?Tests */ = {
			isa = PBXGroup;
			children = (
				AEF00FB325F2CE3300E7019B /* yes_Tests.swift */,
				AEF00FB525F2CE3300E7019B /* Info.plist */,
			);
			path = "yes?Tests";
			sourceTree = "<group>";
		};
		AEF00FBD25F2CE3300E7019B /* yes?UITests */ = {
			isa = PBXGroup;
			children = (
				AEF00FBE25F2CE3300E7019B /* yes_UITests.swift */,
				AEF00FC025F2CE3300E7019B /* Info.plist */,
			);
			path = "yes?UITests";
			sourceTree = "<group>";
		};
/* End PBXGroup section */

/* Begin PBXNativeTarget section */
		AEF00F9825F2CE2C00E7019B /* yes? */ = {
			isa = PBXNativeTarget;
			buildConfigurationList = AEF00FC325F2CE3300E7019B /* Build configuration list for PBXNativeTarget "yes?" */;
			buildPhases = (
				362BB421DFF5230DB53B775A /* [CP] Check Pods Manifest.lock */,
				AEF00F9525F2CE2C00E7019B /* Sources */,
				AEF00F9625F2CE2C00E7019B /* Frameworks */,
				AEF00F9725F2CE2C00E7019B /* Resources */,
				1057DE02552B23E766F99A87 /* [CP] Embed Pods Frameworks */,
			);
			buildRules = (
			);
			dependencies = (
			);
			name = "yes?";
			productName = "yes?";
			productReference = AEF00F9925F2CE2C00E7019B /* yes?.app */;
			productType = "com.apple.product-type.application";
		};
		AEF00FAE25F2CE3300E7019B /* yes?Tests */ = {
			isa = PBXNativeTarget;
			buildConfigurationList = AEF00FC625F2CE3300E7019B /* Build configuration list for PBXNativeTarget "yes?Tests" */;
			buildPhases = (
				E1E9B5B29E6816BAFEF65A01 /* [CP] Check Pods Manifest.lock */,
				AEF00FAB25F2CE3300E7019B /* Sources */,
				AEF00FAC25F2CE3300E7019B /* Frameworks */,
				AEF00FAD25F2CE3300E7019B /* Resources */,
			);
			buildRules = (
			);
			dependencies = (
				AEF00FB125F2CE3300E7019B /* PBXTargetDependency */,
			);
			name = "yes?Tests";
			productName = "yes?Tests";
			productReference = AEF00FAF25F2CE3300E7019B /* yes?Tests.xctest */;
			productType = "com.apple.product-type.bundle.unit-test";
		};
		AEF00FB925F2CE3300E7019B /* yes?UITests */ = {
			isa = PBXNativeTarget;
			buildConfigurationList = AEF00FC925F2CE3300E7019B /* Build configuration list for PBXNativeTarget "yes?UITests" */;
			buildPhases = (
				C2676096F82FBE5A7F023522 /* [CP] Check Pods Manifest.lock */,
				AEF00FB625F2CE3300E7019B /* Sources */,
				AEF00FB725F2CE3300E7019B /* Frameworks */,
				AEF00FB825F2CE3300E7019B /* Resources */,
				395BD7B32998E8027162C93A /* [CP] Embed Pods Frameworks */,
			);
			buildRules = (
			);
			dependencies = (
				AEF00FBC25F2CE3300E7019B /* PBXTargetDependency */,
			);
			name = "yes?UITests";
			productName = "yes?UITests";
			productReference = AEF00FBA25F2CE3300E7019B /* yes?UITests.xctest */;
			productType = "com.apple.product-type.bundle.ui-testing";
		};
/* End PBXNativeTarget section */

/* Begin PBXProject section */
		AEF00F9125F2CE2C00E7019B /* Project object */ = {
			isa = PBXProject;
			attributes = {
				LastSwiftUpdateCheck = 1240;
				LastUpgradeCheck = 1240;
				TargetAttributes = {
					AEF00F9825F2CE2C00E7019B = {
						CreatedOnToolsVersion = 12.4;
					};
					AEF00FAE25F2CE3300E7019B = {
						CreatedOnToolsVersion = 12.4;
						TestTargetID = AEF00F9825F2CE2C00E7019B;
					};
					AEF00FB925F2CE3300E7019B = {
						CreatedOnToolsVersion = 12.4;
						TestTargetID = AEF00F9825F2CE2C00E7019B;
					};
				};
			};
			buildConfigurationList = AEF00F9425F2CE2C00E7019B /* Build configuration list for PBXProject "yes?" */;
			compatibilityVersion = "Xcode 9.3";
			developmentRegion = en;
			hasScannedForEncodings = 0;
			knownRegions = (
				en,
				Base,
			);
			mainGroup = AEF00F9025F2CE2C00E7019B;
			productRefGroup = AEF00F9A25F2CE2C00E7019B /* Products */;
			projectDirPath = "";
			projectRoot = "";
			targets = (
				AEF00F9825F2CE2C00E7019B /* yes? */,
				AEF00FAE25F2CE3300E7019B /* yes?Tests */,
				AEF00FB925F2CE3300E7019B /* yes?UITests */,
			);
		};
/* End PBXProject section */

/* Begin PBXResourcesBuildPhase section */
		AEF00F9725F2CE2C00E7019B /* Resources */ = {
			isa = PBXResourcesBuildPhase;
			buildActionMask = 2147483647;
			files = (
				AEF00FA925F2CE3200E7019B /* LaunchScreen.storyboard in Resources */,
				AEF00FA625F2CE3200E7019B /* Assets.xcassets in Resources */,
				AEF00FA425F2CE2C00E7019B /* Main.storyboard in Resources */,
			);
			runOnlyForDeploymentPostprocessing = 0;
		};
		AEF00FAD25F2CE3300E7019B /* Resources */ = {
			isa = PBXResourcesBuildPhase;
			buildActionMask = 2147483647;
			files = (
			);
			runOnlyForDeploymentPostprocessing = 0;
		};
		AEF00FB825F2CE3300E7019B /* Resources */ = {
			isa = PBXResourcesBuildPhase;
			buildActionMask = 2147483647;
			files = (
			);
			runOnlyForDeploymentPostprocessing = 0;
		};
/* End PBXResourcesBuildPhase section */

/* Begin PBXShellScriptBuildPhase section */
		1057DE02552B23E766F99A87 /* [CP] Embed Pods Frameworks */ = {
			isa = PBXShellScriptBuildPhase;
			buildActionMask = 2147483647;
			files = (
			);
			inputFileListPaths = (
				"${PODS_ROOT}/Target Support Files/Pods-yes?/Pods-yes?-frameworks-${CONFIGURATION}-input-files.xcfilelist",
			);
			name = "[CP] Embed Pods Frameworks";
			outputFileListPaths = (
				"${PODS_ROOT}/Target Support Files/Pods-yes?/Pods-yes?-frameworks-${CONFIGURATION}-output-files.xcfilelist",
			);
			runOnlyForDeploymentPostprocessing = 0;
			shellPath = /bin/sh;
			shellScript = "\"${PODS_ROOT}/Target Support Files/Pods-yes?/Pods-yes?-frameworks.sh\"\n";
			showEnvVarsInLog = 0;
		};
		362BB421DFF5230DB53B775A /* [CP] Check Pods Manifest.lock */ = {
			isa = PBXShellScriptBuildPhase;
			buildActionMask = 2147483647;
			files = (
			);
			inputFileListPaths = (
			);
			inputPaths = (
				"${PODS_PODFILE_DIR_PATH}/Podfile.lock",
				"${PODS_ROOT}/Manifest.lock",
			);
			name = "[CP] Check Pods Manifest.lock";
			outputFileListPaths = (
			);
			outputPaths = (
				"$(DERIVED_FILE_DIR)/Pods-yes?-checkManifestLockResult.txt",
			);
			runOnlyForDeploymentPostprocessing = 0;
			shellPath = /bin/sh;
			shellScript = "diff \"${PODS_PODFILE_DIR_PATH}/Podfile.lock\" \"${PODS_ROOT}/Manifest.lock\" > /dev/null\nif [ $? != 0 ] ; then\n    # print error to STDERR\n    echo \"error: The sandbox is not in sync with the Podfile.lock. Run 'pod install' or update your CocoaPods installation.\" >&2\n    exit 1\nfi\n# This output is used by Xcode 'outputs' to avoid re-running this script phase.\necho \"SUCCESS\" > \"${SCRIPT_OUTPUT_FILE_0}\"\n";
			showEnvVarsInLog = 0;
		};
		395BD7B32998E8027162C93A /* [CP] Embed Pods Frameworks */ = {
			isa = PBXShellScriptBuildPhase;
			buildActionMask = 2147483647;
			files = (
			);
			inputFileListPaths = (
				"${PODS_ROOT}/Target Support Files/Pods-yes?-yes?UITests/Pods-yes?-yes?UITests-frameworks-${CONFIGURATION}-input-files.xcfilelist",
			);
			name = "[CP] Embed Pods Frameworks";
			outputFileListPaths = (
				"${PODS_ROOT}/Target Support Files/Pods-yes?-yes?UITests/Pods-yes?-yes?UITests-frameworks-${CONFIGURATION}-output-files.xcfilelist",
			);
			runOnlyForDeploymentPostprocessing = 0;
			shellPath = /bin/sh;
			shellScript = "\"${PODS_ROOT}/Target Support Files/Pods-yes?-yes?UITests/Pods-yes?-yes?UITests-frameworks.sh\"\n";
			showEnvVarsInLog = 0;
		};
		C2676096F82FBE5A7F023522 /* [CP] Check Pods Manifest.lock */ = {
			isa = PBXShellScriptBuildPhase;
			buildActionMask = 2147483647;
			files = (
			);
			inputFileListPaths = (
			);
			inputPaths = (
				"${PODS_PODFILE_DIR_PATH}/Podfile.lock",
				"${PODS_ROOT}/Manifest.lock",
			);
			name = "[CP] Check Pods Manifest.lock";
			outputFileListPaths = (
			);
			outputPaths = (
				"$(DERIVED_FILE_DIR)/Pods-yes?-yes?UITests-checkManifestLockResult.txt",
			);
			runOnlyForDeploymentPostprocessing = 0;
			shellPath = /bin/sh;
			shellScript = "diff \"${PODS_PODFILE_DIR_PATH}/Podfile.lock\" \"${PODS_ROOT}/Manifest.lock\" > /dev/null\nif [ $? != 0 ] ; then\n    # print error to STDERR\n    echo \"error: The sandbox is not in sync with the Podfile.lock. Run 'pod install' or update your CocoaPods installation.\" >&2\n    exit 1\nfi\n# This output is used by Xcode 'outputs' to avoid re-running this script phase.\necho \"SUCCESS\" > \"${SCRIPT_OUTPUT_FILE_0}\"\n";
			showEnvVarsInLog = 0;
		};
		E1E9B5B29E6816BAFEF65A01 /* [CP] Check Pods Manifest.lock */ = {
			isa = PBXShellScriptBuildPhase;
			buildActionMask = 2147483647;
			files = (
			);
			inputFileListPaths = (
			);
			inputPaths = (
				"${PODS_PODFILE_DIR_PATH}/Podfile.lock",
				"${PODS_ROOT}/Manifest.lock",
			);
			name = "[CP] Check Pods Manifest.lock";
			outputFileListPaths = (
			);
			outputPaths = (
				"$(DERIVED_FILE_DIR)/Pods-yes?Tests-checkManifestLockResult.txt",
			);
			runOnlyForDeploymentPostprocessing = 0;
			shellPath = /bin/sh;
			shellScript = "diff \"${PODS_PODFILE_DIR_PATH}/Podfile.lock\" \"${PODS_ROOT}/Manifest.lock\" > /dev/null\nif [ $? != 0 ] ; then\n    # print error to STDERR\n    echo \"error: The sandbox is not in sync with the Podfile.lock. Run 'pod install' or update your CocoaPods installation.\" >&2\n    exit 1\nfi\n# This output is used by Xcode 'outputs' to avoid re-running this script phase.\necho \"SUCCESS\" > \"${SCRIPT_OUTPUT_FILE_0}\"\n";
			showEnvVarsInLog = 0;
		};
/* End PBXShellScriptBuildPhase section */

/* Begin PBXSourcesBuildPhase section */
		AEF00F9525F2CE2C00E7019B /* Sources */ = {
			isa = PBXSourcesBuildPhase;
			buildActionMask = 2147483647;
			files = (
				AEF00FA125F2CE2C00E7019B /* ViewController.swift in Sources */,
				AEF00F9D25F2CE2C00E7019B /* AppDelegate.swift in Sources */,
				AEB16BE8263893BD007E9919 /* Utilities.swift in Sources */,
				AEB16BF226389B0F007E9919 /* DataViewController.swift in Sources */,
				AE97EC4B2648ABB500055692 /* consts.swift in Sources */,
				AEF00F9F25F2CE2C00E7019B /* SceneDelegate.swift in Sources */,
			);
			runOnlyForDeploymentPostprocessing = 0;
		};
		AEF00FAB25F2CE3300E7019B /* Sources */ = {
			isa = PBXSourcesBuildPhase;
			buildActionMask = 2147483647;
			files = (
				AEF00FB425F2CE3300E7019B /* yes_Tests.swift in Sources */,
			);
			runOnlyForDeploymentPostprocessing = 0;
		};
		AEF00FB625F2CE3300E7019B /* Sources */ = {
			isa = PBXSourcesBuildPhase;
			buildActionMask = 2147483647;
			files = (
				AEF00FBF25F2CE3300E7019B /* yes_UITests.swift in Sources */,
			);
			runOnlyForDeploymentPostprocessing = 0;
		};
/* End PBXSourcesBuildPhase section */

/* Begin PBXTargetDependency section */
		AEF00FB125F2CE3300E7019B /* PBXTargetDependency */ = {
			isa = PBXTargetDependency;
			target = AEF00F9825F2CE2C00E7019B /* yes? */;
			targetProxy = AEF00FB025F2CE3300E7019B /* PBXContainerItemProxy */;
		};
		AEF00FBC25F2CE3300E7019B /* PBXTargetDependency */ = {
			isa = PBXTargetDependency;
			target = AEF00F9825F2CE2C00E7019B /* yes? */;
			targetProxy = AEF00FBB25F2CE3300E7019B /* PBXContainerItemProxy */;
		};
/* End PBXTargetDependency section */

/* Begin PBXVariantGroup section */
		AEF00FA225F2CE2C00E7019B /* Main.storyboard */ = {
			isa = PBXVariantGroup;
			children = (
				AEF00FA325F2CE2C00E7019B /* Base */,
			);
			name = Main.storyboard;
			sourceTree = "<group>";
		};
		AEF00FA725F2CE3200E7019B /* LaunchScreen.storyboard */ = {
			isa = PBXVariantGroup;
			children = (
				AEF00FA825F2CE3200E7019B /* Base */,
			);
			name = LaunchScreen.storyboard;
			sourceTree = "<group>";
		};
/* End PBXVariantGroup section */

/* Begin XCBuildConfiguration section */
		AEF00FC125F2CE3300E7019B /* Debug */ = {
			isa = XCBuildConfiguration;
			buildSettings = {
				ALWAYS_SEARCH_USER_PATHS = NO;
				CLANG_ANALYZER_NONNULL = YES;
				CLANG_ANALYZER_NUMBER_OBJECT_CONVERSION = YES_AGGRESSIVE;
				CLANG_CXX_LANGUAGE_STANDARD = "gnu++14";
				CLANG_CXX_LIBRARY = "libc++";
				CLANG_ENABLE_MODULES = YES;
				CLANG_ENABLE_OBJC_ARC = YES;
				CLANG_ENABLE_OBJC_WEAK = YES;
				CLANG_WARN_BLOCK_CAPTURE_AUTORELEASING = YES;
				CLANG_WARN_BOOL_CONVERSION = YES;
				CLANG_WARN_COMMA = YES;
				CLANG_WARN_CONSTANT_CONVERSION = YES;
				CLANG_WARN_DEPRECATED_OBJC_IMPLEMENTATIONS = YES;
				CLANG_WARN_DIRECT_OBJC_ISA_USAGE = YES_ERROR;
				CLANG_WARN_DOCUMENTATION_COMMENTS = YES;
				CLANG_WARN_EMPTY_BODY = YES;
				CLANG_WARN_ENUM_CONVERSION = YES;
				CLANG_WARN_INFINITE_RECURSION = YES;
				CLANG_WARN_INT_CONVERSION = YES;
				CLANG_WARN_NON_LITERAL_NULL_CONVERSION = YES;
				CLANG_WARN_OBJC_IMPLICIT_RETAIN_SELF = YES;
				CLANG_WARN_OBJC_LITERAL_CONVERSION = YES;
				CLANG_WARN_OBJC_ROOT_CLASS = YES_ERROR;
				CLANG_WARN_QUOTED_INCLUDE_IN_FRAMEWORK_HEADER = YES;
				CLANG_WARN_RANGE_LOOP_ANALYSIS = YES;
				CLANG_WARN_STRICT_PROTOTYPES = YES;
				CLANG_WARN_SUSPICIOUS_MOVE = YES;
				CLANG_WARN_UNGUARDED_AVAILABILITY = YES_AGGRESSIVE;
				CLANG_WARN_UNREACHABLE_CODE = YES;
				CLANG_WARN__DUPLICATE_METHOD_MATCH = YES;
				COPY_PHASE_STRIP = NO;
				DEBUG_INFORMATION_FORMAT = dwarf;
				ENABLE_STRICT_OBJC_MSGSEND = YES;
				ENABLE_TESTABILITY = YES;
				GCC_C_LANGUAGE_STANDARD = gnu11;
				GCC_DYNAMIC_NO_PIC = NO;
				GCC_NO_COMMON_BLOCKS = YES;
				GCC_OPTIMIZATION_LEVEL = 0;
				GCC_PREPROCESSOR_DEFINITIONS = (
					"DEBUG=1",
					"$(inherited)",
				);
				GCC_WARN_64_TO_32_BIT_CONVERSION = YES;
				GCC_WARN_ABOUT_RETURN_TYPE = YES_ERROR;
				GCC_WARN_UNDECLARED_SELECTOR = YES;
				GCC_WARN_UNINITIALIZED_AUTOS = YES_AGGRESSIVE;
				GCC_WARN_UNUSED_FUNCTION = YES;
				GCC_WARN_UNUSED_VARIABLE = YES;
				IPHONEOS_DEPLOYMENT_TARGET = 14.4;
				MTL_ENABLE_DEBUG_INFO = INCLUDE_SOURCE;
				MTL_FAST_MATH = YES;
				ONLY_ACTIVE_ARCH = YES;
				SDKROOT = iphoneos;
				SWIFT_ACTIVE_COMPILATION_CONDITIONS = DEBUG;
				SWIFT_OPTIMIZATION_LEVEL = "-Onone";
			};
			name = Debug;
		};
		AEF00FC225F2CE3300E7019B /* Release */ = {
			isa = XCBuildConfiguration;
			buildSettings = {
				ALWAYS_SEARCH_USER_PATHS = NO;
				CLANG_ANALYZER_NONNULL = YES;
				CLANG_ANALYZER_NUMBER_OBJECT_CONVERSION = YES_AGGRESSIVE;
				CLANG_CXX_LANGUAGE_STANDARD = "gnu++14";
				CLANG_CXX_LIBRARY = "libc++";
				CLANG_ENABLE_MODULES = YES;
				CLANG_ENABLE_OBJC_ARC = YES;
				CLANG_ENABLE_OBJC_WEAK = YES;
				CLANG_WARN_BLOCK_CAPTURE_AUTORELEASING = YES;
				CLANG_WARN_BOOL_CONVERSION = YES;
				CLANG_WARN_COMMA = YES;
				CLANG_WARN_CONSTANT_CONVERSION = YES;
				CLANG_WARN_DEPRECATED_OBJC_IMPLEMENTATIONS = YES;
				CLANG_WARN_DIRECT_OBJC_ISA_USAGE = YES_ERROR;
				CLANG_WARN_DOCUMENTATION_COMMENTS = YES;
				CLANG_WARN_EMPTY_BODY = YES;
				CLANG_WARN_ENUM_CONVERSION = YES;
				CLANG_WARN_INFINITE_RECURSION = YES;
				CLANG_WARN_INT_CONVERSION = YES;
				CLANG_WARN_NON_LITERAL_NULL_CONVERSION = YES;
				CLANG_WARN_OBJC_IMPLICIT_RETAIN_SELF = YES;
				CLANG_WARN_OBJC_LITERAL_CONVERSION = YES;
				CLANG_WARN_OBJC_ROOT_CLASS = YES_ERROR;
				CLANG_WARN_QUOTED_INCLUDE_IN_FRAMEWORK_HEADER = YES;
				CLANG_WARN_RANGE_LOOP_ANALYSIS = YES;
				CLANG_WARN_STRICT_PROTOTYPES = YES;
				CLANG_WARN_SUSPICIOUS_MOVE = YES;
				CLANG_WARN_UNGUARDED_AVAILABILITY = YES_AGGRESSIVE;
				CLANG_WARN_UNREACHABLE_CODE = YES;
				CLANG_WARN__DUPLICATE_METHOD_MATCH = YES;
				COPY_PHASE_STRIP = NO;
				DEBUG_INFORMATION_FORMAT = "dwarf-with-dsym";
				ENABLE_NS_ASSERTIONS = NO;
				ENABLE_STRICT_OBJC_MSGSEND = YES;
				GCC_C_LANGUAGE_STANDARD = gnu11;
				GCC_NO_COMMON_BLOCKS = YES;
				GCC_WARN_64_TO_32_BIT_CONVERSION = YES;
				GCC_WARN_ABOUT_RETURN_TYPE = YES_ERROR;
				GCC_WARN_UNDECLARED_SELECTOR = YES;
				GCC_WARN_UNINITIALIZED_AUTOS = YES_AGGRESSIVE;
				GCC_WARN_UNUSED_FUNCTION = YES;
				GCC_WARN_UNUSED_VARIABLE = YES;
				IPHONEOS_DEPLOYMENT_TARGET = 14.4;
				MTL_ENABLE_DEBUG_INFO = NO;
				MTL_FAST_MATH = YES;
				SDKROOT = iphoneos;
				SWIFT_COMPILATION_MODE = wholemodule;
				SWIFT_OPTIMIZATION_LEVEL = "-O";
				VALIDATE_PRODUCT = YES;
			};
			name = Release;
		};
		AEF00FC425F2CE3300E7019B /* Debug */ = {
			isa = XCBuildConfiguration;
			baseConfigurationReference = 101F39522C3BB05EBF00F164 /* Pods-yes?.debug.xcconfig */;
			buildSettings = {
				ASSETCATALOG_COMPILER_APPICON_NAME = AppIcon;
				ASSETCATALOG_COMPILER_GLOBAL_ACCENT_COLOR_NAME = AccentColor;
				CODE_SIGN_STYLE = Automatic;
				DEVELOPMENT_TEAM = KDWC62685W;
				INFOPLIST_FILE = "yes?/Info.plist";
				IPHONEOS_DEPLOYMENT_TARGET = 13.0;
				LD_RUNPATH_SEARCH_PATHS = (
					"$(inherited)",
					"@executable_path/Frameworks",
				);
				PRODUCT_BUNDLE_IDENTIFIER = hernandezcu.taxes.calculator;
				PRODUCT_NAME = "$(TARGET_NAME)";
				SWIFT_VERSION = 5.0;
				TARGETED_DEVICE_FAMILY = "1,2";
			};
			name = Debug;
		};
		AEF00FC525F2CE3300E7019B /* Release */ = {
			isa = XCBuildConfiguration;
			baseConfigurationReference = D7FC854B452563EFDD1046CF /* Pods-yes?.release.xcconfig */;
			buildSettings = {
				ASSETCATALOG_COMPILER_APPICON_NAME = AppIcon;
				ASSETCATALOG_COMPILER_GLOBAL_ACCENT_COLOR_NAME = AccentColor;
				CODE_SIGN_STYLE = Automatic;
				DEVELOPMENT_TEAM = KDWC62685W;
				INFOPLIST_FILE = "yes?/Info.plist";
				IPHONEOS_DEPLOYMENT_TARGET = 13.0;
				LD_RUNPATH_SEARCH_PATHS = (
					"$(inherited)",
					"@executable_path/Frameworks",
				);
				PRODUCT_BUNDLE_IDENTIFIER = hernandezcu.taxes.calculator;
				PRODUCT_NAME = "$(TARGET_NAME)";
				SWIFT_VERSION = 5.0;
				TARGETED_DEVICE_FAMILY = "1,2";
			};
			name = Release;
		};
		AEF00FC725F2CE3300E7019B /* Debug */ = {
			isa = XCBuildConfiguration;
			baseConfigurationReference = 296F6DB89BE3CF8C1C82B58B /* Pods-yes?Tests.debug.xcconfig */;
			buildSettings = {
				ALWAYS_EMBED_SWIFT_STANDARD_LIBRARIES = YES;
				BUNDLE_LOADER = "$(TEST_HOST)";
				CODE_SIGN_STYLE = Automatic;
				DEVELOPMENT_TEAM = KDWC62685W;
				INFOPLIST_FILE = "yes?Tests/Info.plist";
				IPHONEOS_DEPLOYMENT_TARGET = 14.4;
				LD_RUNPATH_SEARCH_PATHS = (
					"$(inherited)",
					"@executable_path/Frameworks",
					"@loader_path/Frameworks",
				);
				PRODUCT_BUNDLE_IDENTIFIER = "hernandezcu.yes-Tests";
				PRODUCT_NAME = "$(TARGET_NAME)";
				SWIFT_VERSION = 5.0;
				TARGETED_DEVICE_FAMILY = "1,2";
				TEST_HOST = "$(BUILT_PRODUCTS_DIR)/yes?.app/yes?";
			};
			name = Debug;
		};
		AEF00FC825F2CE3300E7019B /* Release */ = {
			isa = XCBuildConfiguration;
			baseConfigurationReference = 4B6DEDCB9C60A7F8CBE7B42C /* Pods-yes?Tests.release.xcconfig */;
			buildSettings = {
				ALWAYS_EMBED_SWIFT_STANDARD_LIBRARIES = YES;
				BUNDLE_LOADER = "$(TEST_HOST)";
				CODE_SIGN_STYLE = Automatic;
				DEVELOPMENT_TEAM = KDWC62685W;
				INFOPLIST_FILE = "yes?Tests/Info.plist";
				IPHONEOS_DEPLOYMENT_TARGET = 14.4;
				LD_RUNPATH_SEARCH_PATHS = (
					"$(inherited)",
					"@executable_path/Frameworks",
					"@loader_path/Frameworks",
				);
				PRODUCT_BUNDLE_IDENTIFIER = "hernandezcu.yes-Tests";
				PRODUCT_NAME = "$(TARGET_NAME)";
				SWIFT_VERSION = 5.0;
				TARGETED_DEVICE_FAMILY = "1,2";
				TEST_HOST = "$(BUILT_PRODUCTS_DIR)/yes?.app/yes?";
			};
			name = Release;
		};
		AEF00FCA25F2CE3300E7019B /* Debug */ = {
			isa = XCBuildConfiguration;
			baseConfigurationReference = F33EF73AC9A2E1477056C6E4 /* Pods-yes?-yes?UITests.debug.xcconfig */;
			buildSettings = {
				ALWAYS_EMBED_SWIFT_STANDARD_LIBRARIES = YES;
				CODE_SIGN_STYLE = Automatic;
				DEVELOPMENT_TEAM = KDWC62685W;
				INFOPLIST_FILE = "yes?UITests/Info.plist";
				LD_RUNPATH_SEARCH_PATHS = (
					"$(inherited)",
					"@executable_path/Frameworks",
					"@loader_path/Frameworks",
				);
				PRODUCT_BUNDLE_IDENTIFIER = "hernandezcu.yes-UITests";
				PRODUCT_NAME = "$(TARGET_NAME)";
				SWIFT_VERSION = 5.0;
				TARGETED_DEVICE_FAMILY = "1,2";
				TEST_TARGET_NAME = "yes?";
			};
			name = Debug;
		};
		AEF00FCB25F2CE3300E7019B /* Release */ = {
			isa = XCBuildConfiguration;
			baseConfigurationReference = FED25434DDF03893CF16D3E2 /* Pods-yes?-yes?UITests.release.xcconfig */;
			buildSettings = {
				ALWAYS_EMBED_SWIFT_STANDARD_LIBRARIES = YES;
				CODE_SIGN_STYLE = Automatic;
				DEVELOPMENT_TEAM = KDWC62685W;
				INFOPLIST_FILE = "yes?UITests/Info.plist";
				LD_RUNPATH_SEARCH_PATHS = (
					"$(inherited)",
					"@executable_path/Frameworks",
					"@loader_path/Frameworks",
				);
				PRODUCT_BUNDLE_IDENTIFIER = "hernandezcu.yes-UITests";
				PRODUCT_NAME = "$(TARGET_NAME)";
				SWIFT_VERSION = 5.0;
				TARGETED_DEVICE_FAMILY = "1,2";
				TEST_TARGET_NAME = "yes?";
			};
			name = Release;
		};
/* End XCBuildConfiguration section */

/* Begin XCConfigurationList section */
		AEF00F9425F2CE2C00E7019B /* Build configuration list for PBXProject "yes?" */ = {
			isa = XCConfigurationList;
			buildConfigurations = (
				AEF00FC125F2CE3300E7019B /* Debug */,
				AEF00FC225F2CE3300E7019B /* Release */,
			);
			defaultConfigurationIsVisible = 0;
			defaultConfigurationName = Release;
		};
		AEF00FC325F2CE3300E7019B /* Build configuration list for PBXNativeTarget "yes?" */ = {
			isa = XCConfigurationList;
			buildConfigurations = (
				AEF00FC425F2CE3300E7019B /* Debug */,
				AEF00FC525F2CE3300E7019B /* Release */,
			);
			defaultConfigurationIsVisible = 0;
			defaultConfigurationName = Release;
		};
		AEF00FC625F2CE3300E7019B /* Build configuration list for PBXNativeTarget "yes?Tests" */ = {
			isa = XCConfigurationList;
			buildConfigurations = (
				AEF00FC725F2CE3300E7019B /* Debug */,
				AEF00FC825F2CE3300E7019B /* Release */,
			);
			defaultConfigurationIsVisible = 0;
			defaultConfigurationName = Release;
		};
		AEF00FC925F2CE3300E7019B /* Build configuration list for PBXNativeTarget "yes?UITests" */ = {
			isa = XCConfigurationList;
			buildConfigurations = (
				AEF00FCA25F2CE3300E7019B /* Debug */,
				AEF00FCB25F2CE3300E7019B /* Release */,
			);
			defaultConfigurationIsVisible = 0;
			defaultConfigurationName = Release;
		};
/* End XCConfigurationList section */
	};
	rootObject = AEF00F9125F2CE2C00E7019B /* Project object */;
}
